<?xml version="1.0" encoding="utf-8"?>
<Project ToolsVersion="4.0" xmlns="http://schemas.microsoft.com/developer/msbuild/2003">
  <ItemGroup>
    <Filter Include="src">
      <UniqueIdentifier>{f2480c69-950d-4520-81dd-d12696557d85}</UniqueIdentifier>
    </Filter>
    <Filter Include="src\interface">
      <UniqueIdentifier>{77a565e0-61c1-4d75-ae23-c765c4fcde27}</UniqueIdentifier>
    </Filter>
    <Filter Include="src\thrift">
      <UniqueIdentifier>{e5d4a3be-5dad-423b-abdf-40e4e623a0ba}</UniqueIdentifier>
    </Filter>
    <Filter Include="src\thrift-gen">
      <UniqueIdentifier>{8e2758b0-b107-4cb9-b312-a953a5c220f8}</UniqueIdentifier>
    </Filter>
    <Filter Include="src\thrift-lib">
      <UniqueIdentifier>{b1492f2f-3fa9-4ab2-bfe1-4c9847dbe000}</UniqueIdentifier>
    </Filter>
    <Filter Include="src\thrift-lib\protocol">
      <UniqueIdentifier>{1680b5e1-5601-4b3a-8d2a-7412af72b008}</UniqueIdentifier>
    </Filter>
    <Filter Include="src\thrift-lib\transport">
      <UniqueIdentifier>{354259d9-b0db-45b7-897e-839deef0a063}</UniqueIdentifier>
    </Filter>
    <Filter Include="test">
      <UniqueIdentifier>{f0c1402f-0d1a-4516-964e-411da806ad94}</UniqueIdentifier>
    </Filter>
  </ItemGroup>
  <ItemGroup>
    <ClInclude Include="src\FileReporter.h">
      <Filter>src</Filter>
    </ClInclude>
    <ClInclude Include="src\JaegerSpan.h">
      <Filter>src</Filter>
    </ClInclude>
    <ClInclude Include="src\JaegerTracer.h">
      <Filter>src</Filter>
    </ClInclude>
    <ClInclude Include="src\NoopSpan.h">
      <Filter>src</Filter>
    </ClInclude>
    <ClInclude Include="src\NoopTracer.h">
      <Filter>src</Filter>
    </ClInclude>
    <ClInclude Include="src\PercentageSampler.h">
      <Filter>src</Filter>
    </ClInclude>
    <ClInclude Include="src\Tracer.h">
      <Filter>src</Filter>
    </ClInclude>
    <ClInclude Include="src\UdpReporter.h">
      <Filter>src</Filter>
    </ClInclude>
    <ClInclude Include="src\IReporter.h">
      <Filter>src\interface</Filter>
    </ClInclude>
    <ClInclude Include="src\ISampler.h">
      <Filter>src\interface</Filter>
    </ClInclude>
    <ClInclude Include="src\ISpan.h">
      <Filter>src\interface</Filter>
    </ClInclude>
    <ClInclude Include="src\Tag.h">
      <Filter>src</Filter>
    </ClInclude>
    <ClInclude Include="src\Process.h">
      <Filter>src</Filter>
    </ClInclude>
    <ClInclude Include="src\Helper.h">
      <Filter>src</Filter>
    </ClInclude>
    <ClInclude Include="src\Log.h">
      <Filter>src</Filter>
    </ClInclude>
    <ClInclude Include="src\SpanContext.h">
      <Filter>src</Filter>
    </ClInclude>
    <ClInclude Include="src\TextCarrier.h">
      <Filter>src</Filter>
    </ClInclude>
    <ClInclude Include="src\ITracer.h">
      <Filter>src\interface</Filter>
    </ClInclude>
    <ClInclude Include="src\thrift-gen\Agent.h">
      <Filter>src\thrift-gen</Filter>
    </ClInclude>
    <ClInclude Include="src\thrift-gen\jaeger_types.h">
      <Filter>src\thrift-gen</Filter>
    </ClInclude>
    <ClInclude Include="src\thrift-lib\TBase.h">
      <Filter>src\thrift-lib</Filter>
    </ClInclude>
    <ClInclude Include="src\thrift-lib\protocol\TCompactProtocol.h">
      <Filter>src\thrift-lib\protocol</Filter>
    </ClInclude>
    <ClInclude Include="src\thrift-lib\protocol\TProtocol.h">
      <Filter>src\thrift-lib\protocol</Filter>
    </ClInclude>
    <ClInclude Include="src\thrift-lib\protocol\TVirtualProtocol.h">
      <Filter>src\thrift-lib\protocol</Filter>
    </ClInclude>
    <ClInclude Include="src\thrift-lib\transport\TBufferTransports.h">
      <Filter>src\thrift-lib\transport</Filter>
    </ClInclude>
    <ClInclude Include="src\thrift-lib\transport\TTransport.h">
      <Filter>src\thrift-lib\transport</Filter>
    </ClInclude>
    <ClInclude Include="src\thrift-lib\transport\TVirtualTransport.h">
      <Filter>src\thrift-lib\transport</Filter>
    </ClInclude>
    <ClInclude Include="src\Printer.h">
      <Filter>src</Filter>
    </ClInclude>
    <ClInclude Include="src\PageViewHandler.h">
      <Filter>src</Filter>
    </ClInclude>
    <ClInclude Include="src\thrift-lib\protocol\TBinaryProtocol.h">
      <Filter>src\thrift-lib\protocol</Filter>
    </ClInclude>
    <ClInclude Include="src\thrift-lib\transport\TSocket.h">
      <Filter>src\thrift-lib\transport</Filter>
    </ClInclude>
    <ClInclude Include="src\thrift-gen\zipkincore_types.h">
      <Filter>src\thrift-gen</Filter>
    </ClInclude>
  </ItemGroup>
  <ItemGroup>
    <ClCompile Include="src\JaegerTracer.cpp">
      <Filter>src</Filter>
    </ClCompile>
    <ClCompile Include="src\main.cpp">
      <Filter>src</Filter>
    </ClCompile>
    <ClCompile Include="src\NoopTracer.cpp">
      <Filter>src</Filter>
    </ClCompile>
    <ClCompile Include="src\Tracer.cpp">
      <Filter>src</Filter>
    </ClCompile>
    <ClCompile Include="src\PercentageSampler.cpp">
      <Filter>src</Filter>
    </ClCompile>
    <ClCompile Include="src\NoopSpan.cpp">
      <Filter>src</Filter>
    </ClCompile>
    <ClCompile Include="src\JaegerSpan.cpp">
      <Filter>src</Filter>
    </ClCompile>
    <ClCompile Include="src\Tag.cpp">
      <Filter>src</Filter>
    </ClCompile>
    <ClCompile Include="src\Process.cpp">
      <Filter>src</Filter>
    </ClCompile>
    <ClCompile Include="src\Helper.cpp">
      <Filter>src</Filter>
    </ClCompile>
    <ClCompile Include="src\Log.cpp">
      <Filter>src</Filter>
    </ClCompile>
    <ClCompile Include="src\TextCarrier.cpp">
      <Filter>src</Filter>
    </ClCompile>
    <ClCompile Include="src\ITracer.cpp">
      <Filter>src\interface</Filter>
    </ClCompile>
    <ClCompile Include="src\ISpan.cpp">
      <Filter>src\interface</Filter>
    </ClCompile>
    <ClCompile Include="src\thrift-gen\Agent.cpp">
      <Filter>src\thrift-gen</Filter>
    </ClCompile>
    <ClCompile Include="src\thrift-gen\jaeger_types.cpp">
      <Filter>src\thrift-gen</Filter>
    </ClCompile>
    <ClCompile Include="src\IReporter.cpp">
      <Filter>src\interface</Filter>
    </ClCompile>
    <ClCompile Include="src\FileReporter.cpp">
      <Filter>src</Filter>
    </ClCompile>
    <ClCompile Include="src\UdpReporter.cpp">
      <Filter>src</Filter>
    </ClCompile>
    <ClCompile Include="src\ISampler.cpp">
      <Filter>src\interface</Filter>
    </ClCompile>
    <ClCompile Include="src\SpanContext.cpp">
      <Filter>src</Filter>
    </ClCompile>
    <ClCompile Include="src\thrift-lib\protocol\TProtocol.cpp">
      <Filter>src\thrift-lib\protocol</Filter>
    </ClCompile>
    <ClCompile Include="src\thrift-lib\transport\TBufferTransports.cpp">
      <Filter>src\thrift-lib\transport</Filter>
    </ClCompile>
    <ClCompile Include="src\Printer.cpp">
      <Filter>src</Filter>
    </ClCompile>
    <ClCompile Include="src\PageViewHandler.cpp">
      <Filter>src</Filter>
    </ClCompile>
    <ClCompile Include="src\thrift-lib\transport\TSocket.cpp">
      <Filter>src\thrift-lib\transport</Filter>
    </ClCompile>
    <ClCompile Include="src\thrift-gen\zipkincore_types.cpp">
      <Filter>src\thrift-gen</Filter>
    </ClCompile>
  </ItemGroup>
  <ItemGroup>
    <None Include="Makefile" />
    <None Include="src\thrift\zipkincore.thrift">
      <Filter>src\thrift</Filter>
    </None>
    <None Include="src\thrift\jaeger.thrift">
      <Filter>src\thrift</Filter>
    </None>
    <None Include="src\thrift\agent.thrift">
      <Filter>src\thrift</Filter>
    </None>
    <None Include="src\thrift-lib\protocol\TCompactProtocol.tcc">
      <Filter>src\thrift-lib\protocol</Filter>
    </None>
    <None Include="test\index.php">
      <Filter>test</Filter>
    </None>
    <None Include="src\thrift-lib\protocol\TBinaryProtocol.tcc">
      <Filter>src\thrift-lib\protocol</Filter>
    </None>
    <None Include="test\request.rest">
      <Filter>test</Filter>
    </None>
    <None Include="jaeger-client.ini" />
  </ItemGroup>
</Project>