
Microsoft Visual Studio Solution File, Format Version 12.00
# Visual Studio 15
VisualStudioVersion = 15.0.26730.0
MinimumVisualStudioVersion = 10.0.40219.1
Project("{8BC9CEB8-8B4A-11D0-8D11-00A0C91BC942}") = "tracer-cpp", "tracer-cpp.vcxproj", "{67DE862E-0BAD-45F8-925E-51963C896C26}"
EndProject
Project("{8BC9CEB8-8B4A-11D0-8D11-00A0C91BC942}") = "test_cpp", "..\test_cpp\test_cpp.vcxproj", "{1DF69B2F-929C-4C7F-B360-16DE3B3199A1}"
EndProject
Project("{8BC9CEB8-8B4A-11D0-8D11-00A0C91BC942}") = "tracer_thrift", "..\tracer_thrift\tracer_thrift.vcxproj", "{62932704-EB29-4256-89A4-3339AA2EC9F3}"
EndProject
Project("{8BC9CEB8-8B4A-11D0-8D11-00A0C91BC942}") = "test_thrift", "..\test_thrift\test_thrift.vcxproj", "{3D769562-4EB3-4A66-80B7-87B151A44E8D}"
EndProject
Project("{8BC9CEB8-8B4A-11D0-8D11-00A0C91BC942}") = "test_2", "..\test_2\test_2.vcxproj", "{C088D754-6D00-49EA-A778-5E087B7F60D7}"
EndProject
Project("{8BC9CEB8-8B4A-11D0-8D11-00A0C91BC942}") = "tracer_receiver", "..\tracer_receiver\tracer_receiver.vcxproj", "{29C8D07D-57E5-4999-9CD5-DC93FCD33533}"
EndProject
Project("{8BC9CEB8-8B4A-11D0-8D11-00A0C91BC942}") = "tracer_sender", "..\tracer_sender\tracer_sender.vcxproj", "{1FE6E5D3-1011-40F9-847D-CD905EF873AB}"
EndProject
Global
	GlobalSection(SolutionConfigurationPlatforms) = preSolution
		Debug|ARM = Debug|ARM
		Debug|x64 = Debug|x64
		Debug|x86 = Debug|x86
		Release|ARM = Release|ARM
		Release|x64 = Release|x64
		Release|x86 = Release|x86
	EndGlobalSection
	GlobalSection(ProjectConfigurationPlatforms) = postSolution
		{67DE862E-0BAD-45F8-925E-51963C896C26}.Debug|ARM.ActiveCfg = Debug|x64
		{67DE862E-0BAD-45F8-925E-51963C896C26}.Debug|x64.ActiveCfg = Debug|x64
		{67DE862E-0BAD-45F8-925E-51963C896C26}.Debug|x64.Build.0 = Debug|x64
		{67DE862E-0BAD-45F8-925E-51963C896C26}.Debug|x86.ActiveCfg = Debug|x64
		{67DE862E-0BAD-45F8-925E-51963C896C26}.Debug|x86.Build.0 = Debug|x64
		{67DE862E-0BAD-45F8-925E-51963C896C26}.Release|ARM.ActiveCfg = Debug|x64
		{67DE862E-0BAD-45F8-925E-51963C896C26}.Release|ARM.Build.0 = Debug|x64
		{67DE862E-0BAD-45F8-925E-51963C896C26}.Release|x64.ActiveCfg = Debug|x64
		{67DE862E-0BAD-45F8-925E-51963C896C26}.Release|x64.Build.0 = Debug|x64
		{67DE862E-0BAD-45F8-925E-51963C896C26}.Release|x86.ActiveCfg = Debug|x64
		{67DE862E-0BAD-45F8-925E-51963C896C26}.Release|x86.Build.0 = Debug|x64
		{1DF69B2F-929C-4C7F-B360-16DE3B3199A1}.Debug|ARM.ActiveCfg = Debug|Win32
		{1DF69B2F-929C-4C7F-B360-16DE3B3199A1}.Debug|x64.ActiveCfg = Debug|x64
		{1DF69B2F-929C-4C7F-B360-16DE3B3199A1}.Debug|x64.Build.0 = Debug|x64
		{1DF69B2F-929C-4C7F-B360-16DE3B3199A1}.Debug|x86.ActiveCfg = Debug|Win32
		{1DF69B2F-929C-4C7F-B360-16DE3B3199A1}.Debug|x86.Build.0 = Debug|Win32
		{1DF69B2F-929C-4C7F-B360-16DE3B3199A1}.Release|ARM.ActiveCfg = Release|Win32
		{1DF69B2F-929C-4C7F-B360-16DE3B3199A1}.Release|x64.ActiveCfg = Release|x64
		{1DF69B2F-929C-4C7F-B360-16DE3B3199A1}.Release|x64.Build.0 = Release|x64
		{1DF69B2F-929C-4C7F-B360-16DE3B3199A1}.Release|x86.ActiveCfg = Release|Win32
		{1DF69B2F-929C-4C7F-B360-16DE3B3199A1}.Release|x86.Build.0 = Release|Win32
		{62932704-EB29-4256-89A4-3339AA2EC9F3}.Debug|ARM.ActiveCfg = Debug|Win32
		{62932704-EB29-4256-89A4-3339AA2EC9F3}.Debug|x64.ActiveCfg = Debug|x64
		{62932704-EB29-4256-89A4-3339AA2EC9F3}.Debug|x64.Build.0 = Debug|x64
		{62932704-EB29-4256-89A4-3339AA2EC9F3}.Debug|x86.ActiveCfg = Debug|Win32
		{62932704-EB29-4256-89A4-3339AA2EC9F3}.Debug|x86.Build.0 = Debug|Win32
		{62932704-EB29-4256-89A4-3339AA2EC9F3}.Release|ARM.ActiveCfg = Release|Win32
		{62932704-EB29-4256-89A4-3339AA2EC9F3}.Release|x64.ActiveCfg = Release|x64
		{62932704-EB29-4256-89A4-3339AA2EC9F3}.Release|x64.Build.0 = Release|x64
		{62932704-EB29-4256-89A4-3339AA2EC9F3}.Release|x86.ActiveCfg = Release|Win32
		{62932704-EB29-4256-89A4-3339AA2EC9F3}.Release|x86.Build.0 = Release|Win32
		{3D769562-4EB3-4A66-80B7-87B151A44E8D}.Debug|ARM.ActiveCfg = Debug|ARM
		{3D769562-4EB3-4A66-80B7-87B151A44E8D}.Debug|ARM.Build.0 = Debug|ARM
		{3D769562-4EB3-4A66-80B7-87B151A44E8D}.Debug|x64.ActiveCfg = Debug|x64
		{3D769562-4EB3-4A66-80B7-87B151A44E8D}.Debug|x64.Build.0 = Debug|x64
		{3D769562-4EB3-4A66-80B7-87B151A44E8D}.Debug|x86.ActiveCfg = Debug|x86
		{3D769562-4EB3-4A66-80B7-87B151A44E8D}.Debug|x86.Build.0 = Debug|x86
		{3D769562-4EB3-4A66-80B7-87B151A44E8D}.Release|ARM.ActiveCfg = Release|ARM
		{3D769562-4EB3-4A66-80B7-87B151A44E8D}.Release|ARM.Build.0 = Release|ARM
		{3D769562-4EB3-4A66-80B7-87B151A44E8D}.Release|x64.ActiveCfg = Release|x64
		{3D769562-4EB3-4A66-80B7-87B151A44E8D}.Release|x64.Build.0 = Release|x64
		{3D769562-4EB3-4A66-80B7-87B151A44E8D}.Release|x86.ActiveCfg = Release|x86
		{3D769562-4EB3-4A66-80B7-87B151A44E8D}.Release|x86.Build.0 = Release|x86
		{C088D754-6D00-49EA-A778-5E087B7F60D7}.Debug|ARM.ActiveCfg = Debug|Win32
		{C088D754-6D00-49EA-A778-5E087B7F60D7}.Debug|x64.ActiveCfg = Debug|x64
		{C088D754-6D00-49EA-A778-5E087B7F60D7}.Debug|x64.Build.0 = Debug|x64
		{C088D754-6D00-49EA-A778-5E087B7F60D7}.Debug|x86.ActiveCfg = Debug|Win32
		{C088D754-6D00-49EA-A778-5E087B7F60D7}.Debug|x86.Build.0 = Debug|Win32
		{C088D754-6D00-49EA-A778-5E087B7F60D7}.Release|ARM.ActiveCfg = Release|Win32
		{C088D754-6D00-49EA-A778-5E087B7F60D7}.Release|x64.ActiveCfg = Release|x64
		{C088D754-6D00-49EA-A778-5E087B7F60D7}.Release|x64.Build.0 = Release|x64
		{C088D754-6D00-49EA-A778-5E087B7F60D7}.Release|x86.ActiveCfg = Release|Win32
		{C088D754-6D00-49EA-A778-5E087B7F60D7}.Release|x86.Build.0 = Release|Win32
		{29C8D07D-57E5-4999-9CD5-DC93FCD33533}.Debug|ARM.ActiveCfg = Debug|ARM
		{29C8D07D-57E5-4999-9CD5-DC93FCD33533}.Debug|ARM.Build.0 = Debug|ARM
		{29C8D07D-57E5-4999-9CD5-DC93FCD33533}.Debug|x64.ActiveCfg = Debug|x64
		{29C8D07D-57E5-4999-9CD5-DC93FCD33533}.Debug|x64.Build.0 = Debug|x64
		{29C8D07D-57E5-4999-9CD5-DC93FCD33533}.Debug|x86.ActiveCfg = Debug|x86
		{29C8D07D-57E5-4999-9CD5-DC93FCD33533}.Debug|x86.Build.0 = Debug|x86
		{29C8D07D-57E5-4999-9CD5-DC93FCD33533}.Release|ARM.ActiveCfg = Release|ARM
		{29C8D07D-57E5-4999-9CD5-DC93FCD33533}.Release|ARM.Build.0 = Release|ARM
		{29C8D07D-57E5-4999-9CD5-DC93FCD33533}.Release|x64.ActiveCfg = Release|x64
		{29C8D07D-57E5-4999-9CD5-DC93FCD33533}.Release|x64.Build.0 = Release|x64
		{29C8D07D-57E5-4999-9CD5-DC93FCD33533}.Release|x86.ActiveCfg = Release|x86
		{29C8D07D-57E5-4999-9CD5-DC93FCD33533}.Release|x86.Build.0 = Release|x86
		{1FE6E5D3-1011-40F9-847D-CD905EF873AB}.Debug|ARM.ActiveCfg = Debug|ARM
		{1FE6E5D3-1011-40F9-847D-CD905EF873AB}.Debug|ARM.Build.0 = Debug|ARM
		{1FE6E5D3-1011-40F9-847D-CD905EF873AB}.Debug|x64.ActiveCfg = Debug|x64
		{1FE6E5D3-1011-40F9-847D-CD905EF873AB}.Debug|x64.Build.0 = Debug|x64
		{1FE6E5D3-1011-40F9-847D-CD905EF873AB}.Debug|x86.ActiveCfg = Debug|x86
		{1FE6E5D3-1011-40F9-847D-CD905EF873AB}.Debug|x86.Build.0 = Debug|x86
		{1FE6E5D3-1011-40F9-847D-CD905EF873AB}.Release|ARM.ActiveCfg = Release|ARM
		{1FE6E5D3-1011-40F9-847D-CD905EF873AB}.Release|ARM.Build.0 = Release|ARM
		{1FE6E5D3-1011-40F9-847D-CD905EF873AB}.Release|x64.ActiveCfg = Release|x64
		{1FE6E5D3-1011-40F9-847D-CD905EF873AB}.Release|x64.Build.0 = Release|x64
		{1FE6E5D3-1011-40F9-847D-CD905EF873AB}.Release|x86.ActiveCfg = Release|x86
		{1FE6E5D3-1011-40F9-847D-CD905EF873AB}.Release|x86.Build.0 = Release|x86
	EndGlobalSection
	GlobalSection(SolutionProperties) = preSolution
		HideSolutionNode = FALSE
	EndGlobalSection
	GlobalSection(ExtensibilityGlobals) = postSolution
		SolutionGuid = {73873445-A876-4661-9BBC-2A1304445DD2}
	EndGlobalSection
EndGlobal
